
Microsoft Visual Studio Solution File, Format Version 12.00
# Visual Studio Version 17
VisualStudioVersion = 17.0.31903.59
MinimumVisualStudioVersion = 10.0.40219.1
Project("{2150E333-8FDC-42A3-9474-1A3956D46DE8}") = "Documents", "Documents", "{02EA681E-C7D8-13C7-8484-4AC65E1B71E8}"
	ProjectSection(SolutionItems) = preProject
		LICENSE.md = LICENSE.md
		README.md = README.md
	EndProjectSection
EndProject
Project("{FAE04EC0-301F-11D3-BF4B-00C04F79EFBC}") = "Elara.Host", "Elara.Host\Elara.Host.csproj", "{7455293D-0E15-883B-3844-E818A3295B26}"
EndProject
Project("{FAE04EC0-301F-11D3-BF4B-00C04F79EFBC}") = "Elara.UnitTests", "Elara.UnitTests\Elara.UnitTests.csproj", "{F1E0439C-1371-CCE0-9FC0-AC255A4EE2D9}"
EndProject
Project("{FAE04EC0-301F-11D3-BF4B-00C04F79EFBC}") = "Elara.Updater.Dev", "Elara.Updater.Dev\Elara.Updater.Dev.csproj", "{D84DB416-FF84-454E-BA72-D9618DE2F040}"
EndProject
Project("{FAE04EC0-301F-11D3-BF4B-00C04F79EFBC}") = "FluentHosting", "FluentHosting\FluentHosting.csproj", "{93A5E1FB-68D1-1653-BE81-AC109B63B79B}"
EndProject
Project("{FAE04EC0-301F-11D3-BF4B-00C04F79EFBC}") = "FluentHosting.Tests", "FluentHosting.Tests\FluentHosting.Tests.csproj", "{310C5729-1E78-71DC-9519-123463F9D60A}"
EndProject
Project("{2150E333-8FDC-42A3-9474-1A3956D46DE8}") = "Utilities", "Utilities", "{B1D731FE-D696-4000-B80E-DD403D4419F6}"
EndProject
Project("{2150E333-8FDC-42A3-9474-1A3956D46DE8}") = "build", "build", "{31AABD2F-C786-48F1-A88B-7667484F106F}"
	ProjectSection(SolutionItems) = preProject
		build\Generate-TPN.ps1 = build\Generate-TPN.ps1
		build\Update-ThirdParty-Notices.cmd = build\Update-ThirdParty-Notices.cmd
	EndProjectSection
EndProject
Project("{FAE04EC0-301F-11D3-BF4B-00C04F79EFBC}") = "Elara.Core", "Elara.Core\Elara.Core.csproj", "{BABF5C30-0C27-4A1C-B49C-179954254007}"
EndProject
Project("{FAE04EC0-301F-11D3-BF4B-00C04F79EFBC}") = "Elara.Audio", "Elara.Audio\Elara.Audio.csproj", "{3B3E653D-BC8E-4FD7-A580-EACD1258C20F}"
EndProject
Project("{FAE04EC0-301F-11D3-BF4B-00C04F79EFBC}") = "Elara.Speech", "Elara.Speech\Elara.Speech.csproj", "{2AEF2A77-C0E6-4332-8809-72ABE622C54B}"
EndProject
Project("{FAE04EC0-301F-11D3-BF4B-00C04F79EFBC}") = "Elara.Intelligence", "Elara.Intelligence\Elara.Intelligence.csproj", "{0E1F9A94-F22F-4F23-BCC4-935AF9EA814D}"
EndProject
Project("{FAE04EC0-301F-11D3-BF4B-00C04F79EFBC}") = "Elara.Pipeline", "Elara.Pipeline\Elara.Pipeline.csproj", "{5A673C76-1750-4E44-B218-16B30C6C1788}"
EndProject
Project("{FAE04EC0-301F-11D3-BF4B-00C04F79EFBC}") = "Elara.Audio.UnitTests", "Elara.Audio.UnitTests\Elara.Audio.UnitTests.csproj", "{E73827ED-A4F4-42A1-A32C-19A8919383DD}"
EndProject
Project("{FAE04EC0-301F-11D3-BF4B-00C04F79EFBC}") = "Elara.Host.UnitTests", "Elara.Host.UnitTests\Elara.Host.UnitTests.csproj", "{94A9649A-349F-4468-BBAD-C62269F723CB}"
EndProject
Project("{FAE04EC0-301F-11D3-BF4B-00C04F79EFBC}") = "Elara.Intelligence.UnitTests", "Elara.Intelligence.UnitTests\Elara.Intelligence.UnitTests.csproj", "{AB923791-1FFB-4B91-B8DC-E32907823782}"
EndProject
Project("{FAE04EC0-301F-11D3-BF4B-00C04F79EFBC}") = "Elara.Pipeline.UnitTests", "Elara.Pipeline.UnitTests\Elara.Pipeline.UnitTests.csproj", "{27397522-29C8-4705-9EDD-BF038B703D1B}"
EndProject
Project("{FAE04EC0-301F-11D3-BF4B-00C04F79EFBC}") = "Elara.Speech.UnitTests", "Elara.Speech.UnitTests\Elara.Speech.UnitTests.csproj", "{0E4DB882-F277-4EBD-B0EC-4200D04327B7}"
EndProject
Project("{2150E333-8FDC-42A3-9474-1A3956D46DE8}") = "Tests", "Tests", "{2A62EAE3-3E3B-4CC4-8E0F-DCC5CCCC5A07}"
EndProject
Project("{FAE04EC0-301F-11D3-BF4B-00C04F79EFBC}") = "Elara.Logging", "Elara.Logging\Elara.Logging.csproj", "{176324DB-2536-425C-A446-D80A6F661913}"
EndProject
Project("{FAE04EC0-301F-11D3-BF4B-00C04F79EFBC}") = "Elara.Configuration", "Elara.Configuration\Elara.Configuration.csproj", "{E11118B2-24FC-402A-AE04-A996E5C01065}"
EndProject
Project("{2150E333-8FDC-42A3-9474-1A3956D46DE8}") = "Solution Items", "Solution Items", "{8EC462FD-D22E-90A8-E5CE-7E832BA40C5D}"
	ProjectSection(SolutionItems) = preProject
		CODEOWNERS.txt = CODEOWNERS.txt
	EndProjectSection
EndProject
Project("{FAE04EC0-301F-11D3-BF4B-00C04F79EFBC}") = "Elara.Context", "Elara.Context\Elara.Context.csproj", "{0494213F-A8CC-4A18-AD77-68E38BB7FB19}"
EndProject
Project("{FAE04EC0-301F-11D3-BF4B-00C04F79EFBC}") = "Elara.Context.UnitTests", "Elara.Context.UnitTests\Elara.Context.UnitTests.csproj", "{B2F7E926-C219-461D-B614-1A59BA8AFC25}"
EndProject
Project("{FAE04EC0-301F-11D3-BF4B-00C04F79EFBC}") = "Elara.Context.LastN", "Elara.Context.LastN\Elara.Context.LastN.csproj", "{BBB77266-7712-4309-A89C-79ACA3991776}"
EndProject
Project("{FAE04EC0-301F-11D3-BF4B-00C04F79EFBC}") = "Elara.Context.LastN.UnitTests", "Elara.Context.LastN.UnitTests\Elara.Context.LastN.UnitTests.csproj", "{46BE330C-A0C6-49C0-A6CD-A482838AF04C}"
EndProject
Global
	GlobalSection(SolutionConfigurationPlatforms) = preSolution
		Debug|Any CPU = Debug|Any CPU
		Release|Any CPU = Release|Any CPU
	EndGlobalSection
	GlobalSection(ProjectConfigurationPlatforms) = postSolution
		{7455293D-0E15-883B-3844-E818A3295B26}.Debug|Any CPU.ActiveCfg = Debug|Any CPU
		{7455293D-0E15-883B-3844-E818A3295B26}.Debug|Any CPU.Build.0 = Debug|Any CPU
		{7455293D-0E15-883B-3844-E818A3295B26}.Release|Any CPU.ActiveCfg = Release|Any CPU
		{7455293D-0E15-883B-3844-E818A3295B26}.Release|Any CPU.Build.0 = Release|Any CPU
		{F1E0439C-1371-CCE0-9FC0-AC255A4EE2D9}.Debug|Any CPU.ActiveCfg = Debug|Any CPU
		{F1E0439C-1371-CCE0-9FC0-AC255A4EE2D9}.Debug|Any CPU.Build.0 = Debug|Any CPU
		{F1E0439C-1371-CCE0-9FC0-AC255A4EE2D9}.Release|Any CPU.ActiveCfg = Release|Any CPU
		{F1E0439C-1371-CCE0-9FC0-AC255A4EE2D9}.Release|Any CPU.Build.0 = Release|Any CPU
		{D84DB416-FF84-454E-BA72-D9618DE2F040}.Debug|Any CPU.ActiveCfg = Debug|Any CPU
		{D84DB416-FF84-454E-BA72-D9618DE2F040}.Debug|Any CPU.Build.0 = Debug|Any CPU
		{D84DB416-FF84-454E-BA72-D9618DE2F040}.Release|Any CPU.ActiveCfg = Release|Any CPU
		{D84DB416-FF84-454E-BA72-D9618DE2F040}.Release|Any CPU.Build.0 = Release|Any CPU
		{93A5E1FB-68D1-1653-BE81-AC109B63B79B}.Debug|Any CPU.ActiveCfg = Debug|Any CPU
		{93A5E1FB-68D1-1653-BE81-AC109B63B79B}.Debug|Any CPU.Build.0 = Debug|Any CPU
		{93A5E1FB-68D1-1653-BE81-AC109B63B79B}.Release|Any CPU.ActiveCfg = Release|Any CPU
		{93A5E1FB-68D1-1653-BE81-AC109B63B79B}.Release|Any CPU.Build.0 = Release|Any CPU
		{310C5729-1E78-71DC-9519-123463F9D60A}.Debug|Any CPU.ActiveCfg = Debug|Any CPU
		{310C5729-1E78-71DC-9519-123463F9D60A}.Debug|Any CPU.Build.0 = Debug|Any CPU
		{310C5729-1E78-71DC-9519-123463F9D60A}.Release|Any CPU.ActiveCfg = Release|Any CPU
		{310C5729-1E78-71DC-9519-123463F9D60A}.Release|Any CPU.Build.0 = Release|Any CPU
		{BABF5C30-0C27-4A1C-B49C-179954254007}.Debug|Any CPU.ActiveCfg = Debug|Any CPU
		{BABF5C30-0C27-4A1C-B49C-179954254007}.Debug|Any CPU.Build.0 = Debug|Any CPU
		{BABF5C30-0C27-4A1C-B49C-179954254007}.Release|Any CPU.ActiveCfg = Release|Any CPU
		{BABF5C30-0C27-4A1C-B49C-179954254007}.Release|Any CPU.Build.0 = Release|Any CPU
		{3B3E653D-BC8E-4FD7-A580-EACD1258C20F}.Debug|Any CPU.ActiveCfg = Debug|Any CPU
		{3B3E653D-BC8E-4FD7-A580-EACD1258C20F}.Debug|Any CPU.Build.0 = Debug|Any CPU
		{3B3E653D-BC8E-4FD7-A580-EACD1258C20F}.Release|Any CPU.ActiveCfg = Release|Any CPU
		{3B3E653D-BC8E-4FD7-A580-EACD1258C20F}.Release|Any CPU.Build.0 = Release|Any CPU
		{2AEF2A77-C0E6-4332-8809-72ABE622C54B}.Debug|Any CPU.ActiveCfg = Debug|Any CPU
		{2AEF2A77-C0E6-4332-8809-72ABE622C54B}.Debug|Any CPU.Build.0 = Debug|Any CPU
		{2AEF2A77-C0E6-4332-8809-72ABE622C54B}.Release|Any CPU.ActiveCfg = Release|Any CPU
		{2AEF2A77-C0E6-4332-8809-72ABE622C54B}.Release|Any CPU.Build.0 = Release|Any CPU
		{0E1F9A94-F22F-4F23-BCC4-935AF9EA814D}.Debug|Any CPU.ActiveCfg = Debug|Any CPU
		{0E1F9A94-F22F-4F23-BCC4-935AF9EA814D}.Debug|Any CPU.Build.0 = Debug|Any CPU
		{0E1F9A94-F22F-4F23-BCC4-935AF9EA814D}.Release|Any CPU.ActiveCfg = Release|Any CPU
		{0E1F9A94-F22F-4F23-BCC4-935AF9EA814D}.Release|Any CPU.Build.0 = Release|Any CPU
		{5A673C76-1750-4E44-B218-16B30C6C1788}.Debug|Any CPU.ActiveCfg = Debug|Any CPU
		{5A673C76-1750-4E44-B218-16B30C6C1788}.Debug|Any CPU.Build.0 = Debug|Any CPU
		{5A673C76-1750-4E44-B218-16B30C6C1788}.Release|Any CPU.ActiveCfg = Release|Any CPU
		{5A673C76-1750-4E44-B218-16B30C6C1788}.Release|Any CPU.Build.0 = Release|Any CPU
		{E73827ED-A4F4-42A1-A32C-19A8919383DD}.Debug|Any CPU.ActiveCfg = Debug|Any CPU
		{E73827ED-A4F4-42A1-A32C-19A8919383DD}.Debug|Any CPU.Build.0 = Debug|Any CPU
		{E73827ED-A4F4-42A1-A32C-19A8919383DD}.Release|Any CPU.ActiveCfg = Release|Any CPU
		{E73827ED-A4F4-42A1-A32C-19A8919383DD}.Release|Any CPU.Build.0 = Release|Any CPU
		{94A9649A-349F-4468-BBAD-C62269F723CB}.Debug|Any CPU.ActiveCfg = Debug|Any CPU
		{94A9649A-349F-4468-BBAD-C62269F723CB}.Debug|Any CPU.Build.0 = Debug|Any CPU
		{94A9649A-349F-4468-BBAD-C62269F723CB}.Release|Any CPU.ActiveCfg = Release|Any CPU
		{94A9649A-349F-4468-BBAD-C62269F723CB}.Release|Any CPU.Build.0 = Release|Any CPU
		{AB923791-1FFB-4B91-B8DC-E32907823782}.Debug|Any CPU.ActiveCfg = Debug|Any CPU
		{AB923791-1FFB-4B91-B8DC-E32907823782}.Debug|Any CPU.Build.0 = Debug|Any CPU
		{AB923791-1FFB-4B91-B8DC-E32907823782}.Release|Any CPU.ActiveCfg = Release|Any CPU
		{AB923791-1FFB-4B91-B8DC-E32907823782}.Release|Any CPU.Build.0 = Release|Any CPU
		{27397522-29C8-4705-9EDD-BF038B703D1B}.Debug|Any CPU.ActiveCfg = Debug|Any CPU
		{27397522-29C8-4705-9EDD-BF038B703D1B}.Debug|Any CPU.Build.0 = Debug|Any CPU
		{27397522-29C8-4705-9EDD-BF038B703D1B}.Release|Any CPU.ActiveCfg = Release|Any CPU
		{27397522-29C8-4705-9EDD-BF038B703D1B}.Release|Any CPU.Build.0 = Release|Any CPU
		{0E4DB882-F277-4EBD-B0EC-4200D04327B7}.Debug|Any CPU.ActiveCfg = Debug|Any CPU
		{0E4DB882-F277-4EBD-B0EC-4200D04327B7}.Debug|Any CPU.Build.0 = Debug|Any CPU
		{0E4DB882-F277-4EBD-B0EC-4200D04327B7}.Release|Any CPU.ActiveCfg = Release|Any CPU
		{0E4DB882-F277-4EBD-B0EC-4200D04327B7}.Release|Any CPU.Build.0 = Release|Any CPU
		{176324DB-2536-425C-A446-D80A6F661913}.Debug|Any CPU.ActiveCfg = Debug|Any CPU
		{176324DB-2536-425C-A446-D80A6F661913}.Debug|Any CPU.Build.0 = Debug|Any CPU
		{176324DB-2536-425C-A446-D80A6F661913}.Release|Any CPU.ActiveCfg = Release|Any CPU
		{176324DB-2536-425C-A446-D80A6F661913}.Release|Any CPU.Build.0 = Release|Any CPU
		{E11118B2-24FC-402A-AE04-A996E5C01065}.Debug|Any CPU.ActiveCfg = Debug|Any CPU
		{E11118B2-24FC-402A-AE04-A996E5C01065}.Debug|Any CPU.Build.0 = Debug|Any CPU
		{E11118B2-24FC-402A-AE04-A996E5C01065}.Release|Any CPU.ActiveCfg = Release|Any CPU
		{E11118B2-24FC-402A-AE04-A996E5C01065}.Release|Any CPU.Build.0 = Release|Any CPU
		{0494213F-A8CC-4A18-AD77-68E38BB7FB19}.Debug|Any CPU.ActiveCfg = Debug|Any CPU
		{0494213F-A8CC-4A18-AD77-68E38BB7FB19}.Debug|Any CPU.Build.0 = Debug|Any CPU
		{0494213F-A8CC-4A18-AD77-68E38BB7FB19}.Release|Any CPU.ActiveCfg = Release|Any CPU
		{0494213F-A8CC-4A18-AD77-68E38BB7FB19}.Release|Any CPU.Build.0 = Release|Any CPU
		{B2F7E926-C219-461D-B614-1A59BA8AFC25}.Debug|Any CPU.ActiveCfg = Debug|Any CPU
		{B2F7E926-C219-461D-B614-1A59BA8AFC25}.Debug|Any CPU.Build.0 = Debug|Any CPU
		{B2F7E926-C219-461D-B614-1A59BA8AFC25}.Release|Any CPU.ActiveCfg = Release|Any CPU
		{B2F7E926-C219-461D-B614-1A59BA8AFC25}.Release|Any CPU.Build.0 = Release|Any CPU
		{BBB77266-7712-4309-A89C-79ACA3991776}.Debug|Any CPU.ActiveCfg = Debug|Any CPU
		{BBB77266-7712-4309-A89C-79ACA3991776}.Debug|Any CPU.Build.0 = Debug|Any CPU
		{BBB77266-7712-4309-A89C-79ACA3991776}.Release|Any CPU.ActiveCfg = Release|Any CPU
		{BBB77266-7712-4309-A89C-79ACA3991776}.Release|Any CPU.Build.0 = Release|Any CPU
		{46BE330C-A0C6-49C0-A6CD-A482838AF04C}.Debug|Any CPU.ActiveCfg = Debug|Any CPU
		{46BE330C-A0C6-49C0-A6CD-A482838AF04C}.Debug|Any CPU.Build.0 = Debug|Any CPU
		{46BE330C-A0C6-49C0-A6CD-A482838AF04C}.Release|Any CPU.ActiveCfg = Release|Any CPU
		{46BE330C-A0C6-49C0-A6CD-A482838AF04C}.Release|Any CPU.Build.0 = Release|Any CPU
	EndGlobalSection
	GlobalSection(SolutionProperties) = preSolution
		HideSolutionNode = FALSE
	EndGlobalSection
	GlobalSection(NestedProjects) = preSolution
		{93A5E1FB-68D1-1653-BE81-AC109B63B79B} = {B1D731FE-D696-4000-B80E-DD403D4419F6}
		{310C5729-1E78-71DC-9519-123463F9D60A} = {B1D731FE-D696-4000-B80E-DD403D4419F6}
		{E73827ED-A4F4-42A1-A32C-19A8919383DD} = {2A62EAE3-3E3B-4CC4-8E0F-DCC5CCCC5A07}
		{94A9649A-349F-4468-BBAD-C62269F723CB} = {2A62EAE3-3E3B-4CC4-8E0F-DCC5CCCC5A07}
		{AB923791-1FFB-4B91-B8DC-E32907823782} = {2A62EAE3-3E3B-4CC4-8E0F-DCC5CCCC5A07}
		{27397522-29C8-4705-9EDD-BF038B703D1B} = {2A62EAE3-3E3B-4CC4-8E0F-DCC5CCCC5A07}
		{0E4DB882-F277-4EBD-B0EC-4200D04327B7} = {2A62EAE3-3E3B-4CC4-8E0F-DCC5CCCC5A07}
		{B2F7E926-C219-461D-B614-1A59BA8AFC25} = {2A62EAE3-3E3B-4CC4-8E0F-DCC5CCCC5A07}
		{46BE330C-A0C6-49C0-A6CD-A482838AF04C} = {2A62EAE3-3E3B-4CC4-8E0F-DCC5CCCC5A07}
	EndGlobalSection
	GlobalSection(ExtensibilityGlobals) = postSolution
		SolutionGuid = {88CF0C06-D6DB-4C2F-A7B8-2B999F124CC2}
	EndGlobalSection
EndGlobal
